
Microsoft Visual Studio Solution File, Format Version 12.00
# Visual Studio Version 16
VisualStudioVersion = 16.0.31624.102
MinimumVisualStudioVersion = 10.0.40219.1
Project("{FAE04EC0-301F-11D3-BF4B-00C04F79EFBC}") = "deploymvcapp", "deploymvcapp\deploymvcapp.csproj", "{9F3CE882-5876-4AE9-B43C-4AE63CCFCA48}"
EndProject
Global
	GlobalSection(SolutionConfigurationPlatforms) = preSolution
		Debug|Any CPU = Debug|Any CPU
		Release|Any CPU = Release|Any CPU
	EndGlobalSection
	GlobalSection(ProjectConfigurationPlatforms) = postSolution
		{9F3CE882-5876-4AE9-B43C-4AE63CCFCA48}.Debug|Any CPU.ActiveCfg = Debug|Any CPU
		{9F3CE882-5876-4AE9-B43C-4AE63CCFCA48}.Debug|Any CPU.Build.0 = Debug|Any CPU
		{9F3CE882-5876-4AE9-B43C-4AE63CCFCA48}.Release|Any CPU.ActiveCfg = Release|Any CPU
		{9F3CE882-5876-4AE9-B43C-4AE63CCFCA48}.Release|Any CPU.Build.0 = Release|Any CPU
	EndGlobalSection
	GlobalSection(SolutionProperties) = preSolution
		HideSolutionNode = FALSE
	EndGlobalSection
	GlobalSection(ExtensibilityGlobals) = postSolution
		SolutionGuid = {C630AB28-51DB-442E-83CA-BD0A724E88C6}
	EndGlobalSection
EndGlobal
